{
  "version": "5",
  "specifiers": {
    "jsr:@quentinadam/assert@~0.1.18": "0.1.18",
    "jsr:@quentinadam/uint8array-extension@~0.1.19": "0.1.19",
    "jsr:@quentinadam/zod@~0.1.15": "0.1.15",
    "npm:typescript@^6.0.2": "6.0.2"
  },
  "jsr": {
    "@quentinadam/assert@0.1.18": {
      "integrity": "33a484ad66cab3d5453f69730d49c05bded72b7ff1bd54b5cc3fc2327fe314ca"
    },
    "@quentinadam/uint8array-extension@0.1.19": {
      "integrity": "485b6b7fbc265502c11ccbe151f90f240b59399a40f9e3cef2003e36f950249a",
      "dependencies": [
        "jsr:@quentinadam/assert"
      ]
    },
    "@quentinadam/zod@0.1.15": {
      "integrity": "60b0dcd375db957e42a5406a91bd91d6785b4cc7f00457866f6ba145d0447d2e"
    }
  },
  "npm": {
    "typescript@6.0.2": {
      "integrity": "sha512-bGdAIrZ0wiGDo5l8c++HWtbaNCWTS4UTv7RaTH/ThVIgjkveJt83m74bBHMJkuCbslY8ixgLBVZJIOiQlQTjfQ==",
      "bin": true
    }
  },
  "workspace": {
    "dependencies": [
      "jsr:@quentinadam/assert@~0.1.18",
      "jsr:@quentinadam/uint8array-extension@~0.1.19",
      "jsr:@quentinadam/zod@~0.1.15",
      "npm:typescript@^6.0.2"
    ]
  }
}
